
Microsoft Visual Studio Solution File, Format Version 12.00
# Visual Studio Version 16
VisualStudioVersion = 16.0.28407.52
MinimumVisualStudioVersion = 10.0.40219.1
Project("{FAE04EC0-301F-11D3-BF4B-00C04F79EFBC}") = "AliAutoDNSService", "AliAutoDNSService\AliAutoDNSService.csproj", "{2B8150EC-26C8-44FD-811F-C341575900D2}"
EndProject
Project("{FAE04EC0-301F-11D3-BF4B-00C04F79EFBC}") = "AliHelper", "AliHelper\AliHelper.csproj", "{BBE8FD10-A9CE-4C05-B8EA-EC42563216A2}"
EndProject
Global
	GlobalSection(SolutionConfigurationPlatforms) = preSolution
		Debug|Any CPU = Debug|Any CPU
		Release|Any CPU = Release|Any CPU
	EndGlobalSection
	GlobalSection(ProjectConfigurationPlatforms) = postSolution
		{2B8150EC-26C8-44FD-811F-C341575900D2}.Debug|Any CPU.ActiveCfg = Debug|Any CPU
		{2B8150EC-26C8-44FD-811F-C341575900D2}.Debug|Any CPU.Build.0 = Debug|Any CPU
		{2B8150EC-26C8-44FD-811F-C341575900D2}.Release|Any CPU.ActiveCfg = Release|Any CPU
		{2B8150EC-26C8-44FD-811F-C341575900D2}.Release|Any CPU.Build.0 = Release|Any CPU
		{BBE8FD10-A9CE-4C05-B8EA-EC42563216A2}.Debug|Any CPU.ActiveCfg = Debug|Any CPU
		{BBE8FD10-A9CE-4C05-B8EA-EC42563216A2}.Debug|Any CPU.Build.0 = Debug|Any CPU
		{BBE8FD10-A9CE-4C05-B8EA-EC42563216A2}.Release|Any CPU.ActiveCfg = Release|Any CPU
		{BBE8FD10-A9CE-4C05-B8EA-EC42563216A2}.Release|Any CPU.Build.0 = Release|Any CPU
	EndGlobalSection
	GlobalSection(SolutionProperties) = preSolution
		HideSolutionNode = FALSE
	EndGlobalSection
	GlobalSection(ExtensibilityGlobals) = postSolution
		SolutionGuid = {23EC9529-4DD8-424A-8BEA-B816F20F0990}
	EndGlobalSection
EndGlobal
